
Microsoft Visual Studio Solution File, Format Version 12.00
# Visual Studio Version 17
VisualStudioVersion = 17.10.35027.167
MinimumVisualStudioVersion = 10.0.40219.1
Project("{8BC9CEB8-8B4A-11D0-8D11-00A0C91BC942}") = "RS_CH2_GCD", "RS_CH2_GCD\RS_CH2_GCD.vcxproj", "{DA5F5F74-E51C-48A7-88DD-D8B9D2F369FD}"
EndProject
Project("{8BC9CEB8-8B4A-11D0-8D11-00A0C91BC942}") = "RS_CH3_01_Arrays", "RS_CH3_01_Arrays\RS_CH3_01_Arrays.vcxproj", "{B4575F30-95C2-4D59-B4EB-52E380F03F62}"
EndProject
Project("{8BC9CEB8-8B4A-11D0-8D11-00A0C91BC942}") = "RS_CH3_02_LinkedLists", "RS_CH3_02_LinkedLists\RS_CH3_02_LinkedLists.vcxproj", "{C83C1696-7E8D-42FE-9025-D6B808B1498B}"
EndProject
Project("{8BC9CEB8-8B4A-11D0-8D11-00A0C91BC942}") = "RS_CH3_04_Stacks", "RS_CH3_04_Stacks\RS_CH3_04_Stacks.vcxproj", "{3FB9E9D6-7C55-45B7-8454-C9A8BB1FD8C2}"
EndProject
Project("{8BC9CEB8-8B4A-11D0-8D11-00A0C91BC942}") = "RS_CH3_05_StacksWithLinkedLists", "RS_CH3_05_StacksWithLinkedLists\RS_CH3_05_StacksWithLinkedLists.vcxproj", "{34776BC8-C279-4D40-AA42-3EBFC1EE3EA8}"
EndProject
Global
	GlobalSection(SolutionConfigurationPlatforms) = preSolution
		Debug|x64 = Debug|x64
		Debug|x86 = Debug|x86
		Release|x64 = Release|x64
		Release|x86 = Release|x86
	EndGlobalSection
	GlobalSection(ProjectConfigurationPlatforms) = postSolution
		{DA5F5F74-E51C-48A7-88DD-D8B9D2F369FD}.Debug|x64.ActiveCfg = Debug|x64
		{DA5F5F74-E51C-48A7-88DD-D8B9D2F369FD}.Debug|x64.Build.0 = Debug|x64
		{DA5F5F74-E51C-48A7-88DD-D8B9D2F369FD}.Debug|x86.ActiveCfg = Debug|Win32
		{DA5F5F74-E51C-48A7-88DD-D8B9D2F369FD}.Debug|x86.Build.0 = Debug|Win32
		{DA5F5F74-E51C-48A7-88DD-D8B9D2F369FD}.Release|x64.ActiveCfg = Release|x64
		{DA5F5F74-E51C-48A7-88DD-D8B9D2F369FD}.Release|x64.Build.0 = Release|x64
		{DA5F5F74-E51C-48A7-88DD-D8B9D2F369FD}.Release|x86.ActiveCfg = Release|Win32
		{DA5F5F74-E51C-48A7-88DD-D8B9D2F369FD}.Release|x86.Build.0 = Release|Win32
		{B4575F30-95C2-4D59-B4EB-52E380F03F62}.Debug|x64.ActiveCfg = Debug|x64
		{B4575F30-95C2-4D59-B4EB-52E380F03F62}.Debug|x64.Build.0 = Debug|x64
		{B4575F30-95C2-4D59-B4EB-52E380F03F62}.Debug|x86.ActiveCfg = Debug|Win32
		{B4575F30-95C2-4D59-B4EB-52E380F03F62}.Debug|x86.Build.0 = Debug|Win32
		{B4575F30-95C2-4D59-B4EB-52E380F03F62}.Release|x64.ActiveCfg = Release|x64
		{B4575F30-95C2-4D59-B4EB-52E380F03F62}.Release|x64.Build.0 = Release|x64
		{B4575F30-95C2-4D59-B4EB-52E380F03F62}.Release|x86.ActiveCfg = Release|Win32
		{B4575F30-95C2-4D59-B4EB-52E380F03F62}.Release|x86.Build.0 = Release|Win32
		{C83C1696-7E8D-42FE-9025-D6B808B1498B}.Debug|x64.ActiveCfg = Debug|x64
		{C83C1696-7E8D-42FE-9025-D6B808B1498B}.Debug|x64.Build.0 = Debug|x64
		{C83C1696-7E8D-42FE-9025-D6B808B1498B}.Debug|x86.ActiveCfg = Debug|Win32
		{C83C1696-7E8D-42FE-9025-D6B808B1498B}.Debug|x86.Build.0 = Debug|Win32
		{C83C1696-7E8D-42FE-9025-D6B808B1498B}.Release|x64.ActiveCfg = Release|x64
		{C83C1696-7E8D-42FE-9025-D6B808B1498B}.Release|x64.Build.0 = Release|x64
		{C83C1696-7E8D-42FE-9025-D6B808B1498B}.Release|x86.ActiveCfg = Release|Win32
		{C83C1696-7E8D-42FE-9025-D6B808B1498B}.Release|x86.Build.0 = Release|Win32
		{3FB9E9D6-7C55-45B7-8454-C9A8BB1FD8C2}.Debug|x64.ActiveCfg = Debug|x64
		{3FB9E9D6-7C55-45B7-8454-C9A8BB1FD8C2}.Debug|x64.Build.0 = Debug|x64
		{3FB9E9D6-7C55-45B7-8454-C9A8BB1FD8C2}.Debug|x86.ActiveCfg = Debug|Win32
		{3FB9E9D6-7C55-45B7-8454-C9A8BB1FD8C2}.Debug|x86.Build.0 = Debug|Win32
		{3FB9E9D6-7C55-45B7-8454-C9A8BB1FD8C2}.Release|x64.ActiveCfg = Release|x64
		{3FB9E9D6-7C55-45B7-8454-C9A8BB1FD8C2}.Release|x64.Build.0 = Release|x64
		{3FB9E9D6-7C55-45B7-8454-C9A8BB1FD8C2}.Release|x86.ActiveCfg = Release|Win32
		{3FB9E9D6-7C55-45B7-8454-C9A8BB1FD8C2}.Release|x86.Build.0 = Release|Win32
		{34776BC8-C279-4D40-AA42-3EBFC1EE3EA8}.Debug|x64.ActiveCfg = Debug|x64
		{34776BC8-C279-4D40-AA42-3EBFC1EE3EA8}.Debug|x64.Build.0 = Debug|x64
		{34776BC8-C279-4D40-AA42-3EBFC1EE3EA8}.Debug|x86.ActiveCfg = Debug|Win32
		{34776BC8-C279-4D40-AA42-3EBFC1EE3EA8}.Debug|x86.Build.0 = Debug|Win32
		{34776BC8-C279-4D40-AA42-3EBFC1EE3EA8}.Release|x64.ActiveCfg = Release|x64
		{34776BC8-C279-4D40-AA42-3EBFC1EE3EA8}.Release|x64.Build.0 = Release|x64
		{34776BC8-C279-4D40-AA42-3EBFC1EE3EA8}.Release|x86.ActiveCfg = Release|Win32
		{34776BC8-C279-4D40-AA42-3EBFC1EE3EA8}.Release|x86.Build.0 = Release|Win32
	EndGlobalSection
	GlobalSection(SolutionProperties) = preSolution
		HideSolutionNode = FALSE
	EndGlobalSection
	GlobalSection(ExtensibilityGlobals) = postSolution
		SolutionGuid = {FBC3D5E6-669A-434C-81F7-9E8939B2F614}
	EndGlobalSection
EndGlobal
